{
  "name": "spacelift-api-bruno",
  "version": "0.1.0",
  "lockfileVersion": 3,
  "requires": true,
  "packages": {
    "": {
      "name": "spacelift-api-bruno",
      "version": "0.1.0",
      "dependencies": {
        "graphql": "^16.0.0"
      },
      "devDependencies": {
        "prettier": "^3.0.0"
      }
    },
    "node_modules/graphql": {
      "version": "16.13.1",
      "resolved": "https://registry.npmjs.org/graphql/-/graphql-16.13.1.tgz",
      "integrity": "sha512-gGgrVCoDKlIZ8fIqXBBb0pPKqDgki0Z/FSKNiQzSGj2uEYHr1tq5wmBegGwJx6QB5S5cM0khSBpi/JFHMCvsmQ==",
      "license": "MIT",
      "engines": {
        "node": "^12.22.0 || ^14.16.0 || ^16.0.0 || >=17.0.0"
      }
    },
    "node_modules/prettier": {
      "version": "3.8.1",
      "resolved": "https://registry.npmjs.org/prettier/-/prettier-3.8.1.tgz",
      "integrity": "sha512-UOnG6LftzbdaHZcKoPFtOcCKztrQ57WkHDeRD9t/PTQtmT0NHSeWWepj6pS0z/N7+08BHFDQVUrfmfMRcZwbMg==",
      "dev": true,
      "license": "MIT",
      "bin": {
        "prettier": "bin/prettier.cjs"
      },
      "engines": {
        "node": ">=14"
      },
      "funding": {
        "url": "https://github.com/prettier/prettier?sponsor=1"
      }
    }
  }
}
